// !$*UTF8*$!
{
	archiveVersion = 1;
	classes = {
	};
	objectVersion = 55;
	objects = {

/* Begin PBXBuildFile section */
		DEACD8BD2821C1FB0065B2E4 /* AppDelegate.swift in Sources */ = {isa = PBXBuildFile; fileRef = DEACD8BC2821C1FB0065B2E4 /* AppDelegate.swift */; };
		DEACD8BF2821C1FB0065B2E4 /* SceneDelegate.swift in Sources */ = {isa = PBXBuildFile; fileRef = DEACD8BE2821C1FB0065B2E4 /* SceneDelegate.swift */; };
		DEACD8C12821C1FB0065B2E4 /* ViewController.swift in Sources */ = {isa = PBXBuildFile; fileRef = DEACD8C02821C1FB0065B2E4 /* ViewController.swift */; };
		DEACD8C42821C1FB0065B2E4 /* Main.storyboard in Resources */ = {isa = PBXBuildFile; fileRef = DEACD8C22821C1FB0065B2E4 /* Main.storyboard */; };
		DEACD8C62821C1FC0065B2E4 /* Assets.xcassets in Resources */ = {isa = PBXBuildFile; fileRef = DEACD8C52821C1FC0065B2E4 /* Assets.xcassets */; };
		DEACD8C92821C1FC0065B2E4 /* LaunchScreen.storyboard in Resources */ = {isa = PBXBuildFile; fileRef = DEACD8C72821C1FC0065B2E4 /* LaunchScreen.storyboard */; };
		DEACD8D42821C2720065B2E4 /* CardFan in Frameworks */ = {isa = PBXBuildFile; productRef = DEACD8D32821C2720065B2E4 /* CardFan */; };
/* End PBXBuildFile section */

/* Begin PBXFileReference section */
		DEACD8B92821C1FB0065B2E4 /* CardFanDemo.app */ = {isa = PBXFileReference; explicitFileType = wrapper.application; includeInIndex = 0; path = CardFanDemo.app; sourceTree = BUILT_PRODUCTS_DIR; };
		DEACD8BC2821C1FB0065B2E4 /* AppDelegate.swift */ = {isa = PBXFileReference; lastKnownFileType = sourcecode.swift; path = AppDelegate.swift; sourceTree = "<group>"; };
		DEACD8BE2821C1FB0065B2E4 /* SceneDelegate.swift */ = {isa = PBXFileReference; lastKnownFileType = sourcecode.swift; path = SceneDelegate.swift; sourceTree = "<group>"; };
		DEACD8C02821C1FB0065B2E4 /* ViewController.swift */ = {isa = PBXFileReference; lastKnownFileType = sourcecode.swift; path = ViewController.swift; sourceTree = "<group>"; };
		DEACD8C32821C1FB0065B2E4 /* Base */ = {isa = PBXFileReference; lastKnownFileType = file.storyboard; name = Base; path = Base.lproj/Main.storyboard; sourceTree = "<group>"; };
		DEACD8C52821C1FC0065B2E4 /* Assets.xcassets */ = {isa = PBXFileReference; lastKnownFileType = folder.assetcatalog; path = Assets.xcassets; sourceTree = "<group>"; };
		DEACD8C82821C1FC0065B2E4 /* Base */ = {isa = PBXFileReference; lastKnownFileType = file.storyboard; name = Base; path = Base.lproj/LaunchScreen.storyboard; sourceTree = "<group>"; };
		DEACD8CA2821C1FC0065B2E4 /* Info.plist */ = {isa = PBXFileReference; lastKnownFileType = text.plist.xml; path = Info.plist; sourceTree = "<group>"; };
		DEACD8D12821C21C0065B2E4 /* CardFan */ = {isa = PBXFileReference; lastKnownFileType = wrapper; name = CardFan; path = ..; sourceTree = "<group>"; };
/* End PBXFileReference section */

/* Begin PBXFrameworksBuildPhase section */
		DEACD8B62821C1FB0065B2E4 /* Frameworks */ = {
			isa = PBXFrameworksBuildPhase;
			buildActionMask = 2147483647;
			files = (
				DEACD8D42821C2720065B2E4 /* CardFan in Frameworks */,
			);
			runOnlyForDeploymentPostprocessing = 0;
		};
/* End PBXFrameworksBuildPhase section */

/* Begin PBXGroup section */
		DEACD8B02821C1FB0065B2E4 = {
			isa = PBXGroup;
			children = (
				DEACD8D02821C21C0065B2E4 /* Packages */,
				DEACD8BB2821C1FB0065B2E4 /* CardFanDemo */,
				DEACD8BA2821C1FB0065B2E4 /* Products */,
				DEACD8D22821C2720065B2E4 /* Frameworks */,
			);
			sourceTree = "<group>";
		};
		DEACD8BA2821C1FB0065B2E4 /* Products */ = {
			isa = PBXGroup;
			children = (
				DEACD8B92821C1FB0065B2E4 /* CardFanDemo.app */,
			);
			name = Products;
			sourceTree = "<group>";
		};
		DEACD8BB2821C1FB0065B2E4 /* CardFanDemo */ = {
			isa = PBXGroup;
			children = (
				DEACD8BC2821C1FB0065B2E4 /* AppDelegate.swift */,
				DEACD8BE2821C1FB0065B2E4 /* SceneDelegate.swift */,
				DEACD8C02821C1FB0065B2E4 /* ViewController.swift */,
				DEACD8C22821C1FB0065B2E4 /* Main.storyboard */,
				DEACD8C52821C1FC0065B2E4 /* Assets.xcassets */,
				DEACD8C72821C1FC0065B2E4 /* LaunchScreen.storyboard */,
				DEACD8CA2821C1FC0065B2E4 /* Info.plist */,
			);
			path = CardFanDemo;
			sourceTree = "<group>";
		};
		DEACD8D02821C21C0065B2E4 /* Packages */ = {
			isa = PBXGroup;
			children = (
				DEACD8D12821C21C0065B2E4 /* CardFan */,
			);
			name = Packages;
			sourceTree = "<group>";
		};
		DEACD8D22821C2720065B2E4 /* Frameworks */ = {
			isa = PBXGroup;
			children = (
			);
			name = Frameworks;
			sourceTree = "<group>";
		};
/* End PBXGroup section */

/* Begin PBXNativeTarget section */
		DEACD8B82821C1FB0065B2E4 /* CardFanDemo */ = {
			isa = PBXNativeTarget;
			buildConfigurationList = DEACD8CD2821C1FC0065B2E4 /* Build configuration list for PBXNativeTarget "CardFanDemo" */;
			buildPhases = (
				DEACD8B52821C1FB0065B2E4 /* Sources */,
				DEACD8B62821C1FB0065B2E4 /* Frameworks */,
				DEACD8B72821C1FB0065B2E4 /* Resources */,
			);
			buildRules = (
			);
			dependencies = (
			);
			name = CardFanDemo;
			packageProductDependencies = (
				DEACD8D32821C2720065B2E4 /* CardFan */,
			);
			productName = CardFanDemo;
			productReference = DEACD8B92821C1FB0065B2E4 /* CardFanDemo.app */;
			productType = "com.apple.product-type.application";
		};
/* End PBXNativeTarget section */

/* Begin PBXProject section */
		DEACD8B12821C1FB0065B2E4 /* Project object */ = {
			isa = PBXProject;
			attributes = {
				BuildIndependentTargetsInParallel = 1;
				LastSwiftUpdateCheck = 1330;
				LastUpgradeCheck = 1330;
				TargetAttributes = {
					DEACD8B82821C1FB0065B2E4 = {
						CreatedOnToolsVersion = 13.3;
					};
				};
			};
			buildConfigurationList = DEACD8B42821C1FB0065B2E4 /* Build configuration list for PBXProject "CardFanDemo" */;
			compatibilityVersion = "Xcode 13.0";
			developmentRegion = en;
			hasScannedForEncodings = 0;
			knownRegions = (
				en,
				Base,
			);
			mainGroup = DEACD8B02821C1FB0065B2E4;
			productRefGroup = DEACD8BA2821C1FB0065B2E4 /* Products */;
			projectDirPath = "";
			projectRoot = "";
			targets = (
				DEACD8B82821C1FB0065B2E4 /* CardFanDemo */,
			);
		};
/* End PBXProject section */

/* Begin PBXResourcesBuildPhase section */
		DEACD8B72821C1FB0065B2E4 /* Resources */ = {
			isa = PBXResourcesBuildPhase;
			buildActionMask = 2147483647;
			files = (
				DEACD8C92821C1FC0065B2E4 /* LaunchScreen.storyboard in Resources */,
				DEACD8C62821C1FC0065B2E4 /* Assets.xcassets in Resources */,
				DEACD8C42821C1FB0065B2E4 /* Main.storyboard in Resources */,
			);
			runOnlyForDeploymentPostprocessing = 0;
		};
/* End PBXResourcesBuildPhase section */

/* Begin PBXSourcesBuildPhase section */
		DEACD8B52821C1FB0065B2E4 /* Sources */ = {
			isa = PBXSourcesBuildPhase;
			buildActionMask = 2147483647;
			files = (
				DEACD8C12821C1FB0065B2E4 /* ViewController.swift in Sources */,
				DEACD8BD2821C1FB0065B2E4 /* AppDelegate.swift in Sources */,
				DEACD8BF2821C1FB0065B2E4 /* SceneDelegate.swift in Sources */,
			);
			runOnlyForDeploymentPostprocessing = 0;
		};
/* End PBXSourcesBuildPhase section */

/* Begin PBXVariantGroup section */
		DEACD8C22821C1FB0065B2E4 /* Main.storyboard */ = {
			isa = PBXVariantGroup;
			children = (
				DEACD8C32821C1FB0065B2E4 /* Base */,
			);
			name = Main.storyboard;
			sourceTree = "<group>";
		};
		DEACD8C72821C1FC0065B2E4 /* LaunchScreen.storyboard */ = {
			isa = PBXVariantGroup;
			children = (
				DEACD8C82821C1FC0065B2E4 /* Base */,
			);
			name = LaunchScreen.storyboard;
			sourceTree = "<group>";
		};
/* End PBXVariantGroup section */

/* Begin XCBuildConfiguration section */
		DEACD8CB2821C1FC0065B2E4 /* Debug */ = {
			isa = XCBuildConfiguration;
			buildSettings = {
				ALWAYS_SEARCH_USER_PATHS = NO;
				CLANG_ANALYZER_NONNULL = YES;
				CLANG_ANALYZER_NUMBER_OBJECT_CONVERSION = YES_AGGRESSIVE;
				CLANG_CXX_LANGUAGE_STANDARD = "gnu++17";
				CLANG_ENABLE_MODULES = YES;
				CLANG_ENABLE_OBJC_ARC = YES;
				CLANG_ENABLE_OBJC_WEAK = YES;
				CLANG_WARN_BLOCK_CAPTURE_AUTORELEASING = YES;
				CLANG_WARN_BOOL_CONVERSION = YES;
				CLANG_WARN_COMMA = YES;
				CLANG_WARN_CONSTANT_CONVERSION = YES;
				CLANG_WARN_DEPRECATED_OBJC_IMPLEMENTATIONS = YES;
				CLANG_WARN_DIRECT_OBJC_ISA_USAGE = YES_ERROR;
				CLANG_WARN_DOCUMENTATION_COMMENTS = YES;
				CLANG_WARN_EMPTY_BODY = YES;
				CLANG_WARN_ENUM_CONVERSION = YES;
				CLANG_WARN_INFINITE_RECURSION = YES;
				CLANG_WARN_INT_CONVERSION = YES;
				CLANG_WARN_NON_LITERAL_NULL_CONVERSION = YES;
				CLANG_WARN_OBJC_IMPLICIT_RETAIN_SELF = YES;
				CLANG_WARN_OBJC_LITERAL_CONVERSION = YES;
				CLANG_WARN_OBJC_ROOT_CLASS = YES_ERROR;
				CLANG_WARN_QUOTED_INCLUDE_IN_FRAMEWORK_HEADER = YES;
				CLANG_WARN_RANGE_LOOP_ANALYSIS = YES;
				CLANG_WARN_STRICT_PROTOTYPES = YES;
				CLANG_WARN_SUSPICIOUS_MOVE = YES;
				CLANG_WARN_UNGUARDED_AVAILABILITY = YES_AGGRESSIVE;
				CLANG_WARN_UNREACHABLE_CODE = YES;
				CLANG_WARN__DUPLICATE_METHOD_MATCH = YES;
				COPY_PHASE_STRIP = NO;
				DEBUG_INFORMATION_FORMAT = dwarf;
				ENABLE_STRICT_OBJC_MSGSEND = YES;
				ENABLE_TESTABILITY = YES;
				GCC_C_LANGUAGE_STANDARD = gnu11;
				GCC_DYNAMIC_NO_PIC = NO;
				GCC_NO_COMMON_BLOCKS = YES;
				GCC_OPTIMIZATION_LEVEL = 0;
				GCC_PREPROCESSOR_DEFINITIONS = (
					"DEBUG=1",
					"$(inherited)",
				);
				GCC_WARN_64_TO_32_BIT_CONVERSION = YES;
				GCC_WARN_ABOUT_RETURN_TYPE = YES_ERROR;
				GCC_WARN_UNDECLARED_SELECTOR = YES;
				GCC_WARN_UNINITIALIZED_AUTOS = YES_AGGRESSIVE;
				GCC_WARN_UNUSED_FUNCTION = YES;
				GCC_WARN_UNUSED_VARIABLE = YES;
				IPHONEOS_DEPLOYMENT_TARGET = 15.4;
				MTL_ENABLE_DEBUG_INFO = INCLUDE_SOURCE;
				MTL_FAST_MATH = YES;
				ONLY_ACTIVE_ARCH = YES;
				SDKROOT = iphoneos;
				SWIFT_ACTIVE_COMPILATION_CONDITIONS = DEBUG;
				SWIFT_OPTIMIZATION_LEVEL = "-Onone";
			};
			name = Debug;
		};
		DEACD8CC2821C1FC0065B2E4 /* Release */ = {
			isa = XCBuildConfiguration;
			buildSettings = {
				ALWAYS_SEARCH_USER_PATHS = NO;
				CLANG_ANALYZER_NONNULL = YES;
				CLANG_ANALYZER_NUMBER_OBJECT_CONVERSION = YES_AGGRESSIVE;
				CLANG_CXX_LANGUAGE_STANDARD = "gnu++17";
				CLANG_ENABLE_MODULES = YES;
				CLANG_ENABLE_OBJC_ARC = YES;
				CLANG_ENABLE_OBJC_WEAK = YES;
				CLANG_WARN_BLOCK_CAPTURE_AUTORELEASING = YES;
				CLANG_WARN_BOOL_CONVERSION = YES;
				CLANG_WARN_COMMA = YES;
				CLANG_WARN_CONSTANT_CONVERSION = YES;
				CLANG_WARN_DEPRECATED_OBJC_IMPLEMENTATIONS = YES;
				CLANG_WARN_DIRECT_OBJC_ISA_USAGE = YES_ERROR;
				CLANG_WARN_DOCUMENTATION_COMMENTS = YES;
				CLANG_WARN_EMPTY_BODY = YES;
				CLANG_WARN_ENUM_CONVERSION = YES;
				CLANG_WARN_INFINITE_RECURSION = YES;
				CLANG_WARN_INT_CONVERSION = YES;
				CLANG_WARN_NON_LITERAL_NULL_CONVERSION = YES;
				CLANG_WARN_OBJC_IMPLICIT_RETAIN_SELF = YES;
				CLANG_WARN_OBJC_LITERAL_CONVERSION = YES;
				CLANG_WARN_OBJC_ROOT_CLASS = YES_ERROR;
				CLANG_WARN_QUOTED_INCLUDE_IN_FRAMEWORK_HEADER = YES;
				CLANG_WARN_RANGE_LOOP_ANALYSIS = YES;
				CLANG_WARN_STRICT_PROTOTYPES = YES;
				CLANG_WARN_SUSPICIOUS_MOVE = YES;
				CLANG_WARN_UNGUARDED_AVAILABILITY = YES_AGGRESSIVE;
				CLANG_WARN_UNREACHABLE_CODE = YES;
				CLANG_WARN__DUPLICATE_METHOD_MATCH = YES;
				COPY_PHASE_STRIP = NO;
				DEBUG_INFORMATION_FORMAT = "dwarf-with-dsym";
				ENABLE_NS_ASSERTIONS = NO;
				ENABLE_STRICT_OBJC_MSGSEND = YES;
				GCC_C_LANGUAGE_STANDARD = gnu11;
				GCC_NO_COMMON_BLOCKS = YES;
				GCC_WARN_64_TO_32_BIT_CONVERSION = YES;
				GCC_WARN_ABOUT_RETURN_TYPE = YES_ERROR;
				GCC_WARN_UNDECLARED_SELECTOR = YES;
				GCC_WARN_UNINITIALIZED_AUTOS = YES_AGGRESSIVE;
				GCC_WARN_UNUSED_FUNCTION = YES;
				GCC_WARN_UNUSED_VARIABLE = YES;
				IPHONEOS_DEPLOYMENT_TARGET = 15.4;
				MTL_ENABLE_DEBUG_INFO = NO;
				MTL_FAST_MATH = YES;
				SDKROOT = iphoneos;
				SWIFT_COMPILATION_MODE = wholemodule;
				SWIFT_OPTIMIZATION_LEVEL = "-O";
				VALIDATE_PRODUCT = YES;
			};
			name = Release;
		};
		DEACD8CE2821C1FC0065B2E4 /* Debug */ = {
			isa = XCBuildConfiguration;
			buildSettings = {
				ASSETCATALOG_COMPILER_APPICON_NAME = AppIcon;
				ASSETCATALOG_COMPILER_GLOBAL_ACCENT_COLOR_NAME = AccentColor;
				CODE_SIGN_STYLE = Automatic;
				CURRENT_PROJECT_VERSION = 1;
				GENERATE_INFOPLIST_FILE = YES;
				INFOPLIST_FILE = CardFanDemo/Info.plist;
				INFOPLIST_KEY_UIApplicationSupportsIndirectInputEvents = YES;
				INFOPLIST_KEY_UILaunchStoryboardName = LaunchScreen;
				INFOPLIST_KEY_UIMainStoryboardFile = Main;
				INFOPLIST_KEY_UISupportedInterfaceOrientations_iPad = "UIInterfaceOrientationPortrait UIInterfaceOrientationPortraitUpsideDown UIInterfaceOrientationLandscapeLeft UIInterfaceOrientationLandscapeRight";
				INFOPLIST_KEY_UISupportedInterfaceOrientations_iPhone = "UIInterfaceOrientationPortrait UIInterfaceOrientationLandscapeLeft UIInterfaceOrientationLandscapeRight";
				LD_RUNPATH_SEARCH_PATHS = (
					"$(inherited)",
					"@executable_path/Frameworks",
				);
				MARKETING_VERSION = 1.0;
				PRODUCT_BUNDLE_IDENTIFIER = com.CardFanDemo;
				PRODUCT_NAME = "$(TARGET_NAME)";
				SWIFT_EMIT_LOC_STRINGS = YES;
				SWIFT_VERSION = 5.0;
				TARGETED_DEVICE_FAMILY = "1,2";
			};
			name = Debug;
		};
		DEACD8CF2821C1FC0065B2E4 /* Release */ = {
			isa = XCBuildConfiguration;
			buildSettings = {
				ASSETCATALOG_COMPILER_APPICON_NAME = AppIcon;
				ASSETCATALOG_COMPILER_GLOBAL_ACCENT_COLOR_NAME = AccentColor;
				CODE_SIGN_STYLE = Automatic;
				CURRENT_PROJECT_VERSION = 1;
				GENERATE_INFOPLIST_FILE = YES;
				INFOPLIST_FILE = CardFanDemo/Info.plist;
				INFOPLIST_KEY_UIApplicationSupportsIndirectInputEvents = YES;
				INFOPLIST_KEY_UILaunchStoryboardName = LaunchScreen;
				INFOPLIST_KEY_UIMainStoryboardFile = Main;
				INFOPLIST_KEY_UISupportedInterfaceOrientations_iPad = "UIInterfaceOrientationPortrait UIInterfaceOrientationPortraitUpsideDown UIInterfaceOrientationLandscapeLeft UIInterfaceOrientationLandscapeRight";
				INFOPLIST_KEY_UISupportedInterfaceOrientations_iPhone = "UIInterfaceOrientationPortrait UIInterfaceOrientationLandscapeLeft UIInterfaceOrientationLandscapeRight";
				LD_RUNPATH_SEARCH_PATHS = (
					"$(inherited)",
					"@executable_path/Frameworks",
				);
				MARKETING_VERSION = 1.0;
				PRODUCT_BUNDLE_IDENTIFIER = com.CardFanDemo;
				PRODUCT_NAME = "$(TARGET_NAME)";
				SWIFT_EMIT_LOC_STRINGS = YES;
				SWIFT_VERSION = 5.0;
				TARGETED_DEVICE_FAMILY = "1,2";
			};
			name = Release;
		};
/* End XCBuildConfiguration section */

/* Begin XCConfigurationList section */
		DEACD8B42821C1FB0065B2E4 /* Build configuration list for PBXProject "CardFanDemo" */ = {
			isa = XCConfigurationList;
			buildConfigurations = (
				DEACD8CB2821C1FC0065B2E4 /* Debug */,
				DEACD8CC2821C1FC0065B2E4 /* Release */,
			);
			defaultConfigurationIsVisible = 0;
			defaultConfigurationName = Release;
		};
		DEACD8CD2821C1FC0065B2E4 /* Build configuration list for PBXNativeTarget "CardFanDemo" */ = {
			isa = XCConfigurationList;
			buildConfigurations = (
				DEACD8CE2821C1FC0065B2E4 /* Debug */,
				DEACD8CF2821C1FC0065B2E4 /* Release */,
			);
			defaultConfigurationIsVisible = 0;
			defaultConfigurationName = Release;
		};
/* End XCConfigurationList section */

/* Begin XCSwiftPackageProductDependency section */
		DEACD8D32821C2720065B2E4 /* CardFan */ = {
			isa = XCSwiftPackageProductDependency;
			productName = CardFan;
		};
/* End XCSwiftPackageProductDependency section */
	};
	rootObject = DEACD8B12821C1FB0065B2E4 /* Project object */;
}
